
Microsoft Visual Studio Solution File, Format Version 12.00
# Visual Studio Version 16
VisualStudioVersion = 16.0.31019.35
MinimumVisualStudioVersion = 10.0.40219.1
Project("{8BC9CEB8-8B4A-11D0-8D11-00A0C91BC942}") = "%s", "%s\%s.vcxproj", "%s"
EndProject
Global
	GlobalSection(SolutionConfigurationPlatforms) = preSolution
		HGE_Debug|x64 = HGE_Debug|x64
		HGE_RELEASE|x64 = HGE_RELEASE|x64
		Debug|x64 = Debug|x64
		Release|x64 = Release|x64
	EndGlobalSection
	GlobalSection(ProjectConfigurationPlatforms) = postSolution
		{%s}.HGE_Debug|x64.ActiveCfg = HGE_Debug|x64
		{%s}.HGE_Debug|x64.Build.0 = HGE_Debug|x64
		{%s}.HGE_RELEASE|x64.ActiveCfg = HGE_RELEASE|x64
		{%s}.HGE_RELEASE|x64.Build.0 = HGE_RELEASE|x64
		{%s}.Debug|x64.ActiveCfg = Debug|x64
		{%s}.Debug|x64.Build.0 = Debug|x64
		{%s}.Release|x64.ActiveCfg = Release|x64
		{%s}.Release|x64.Build.0 = Release|x64
	EndGlobalSection
	GlobalSection(SolutionProperties) = preSolution
		HideSolutionNode = FALSE
	EndGlobalSection
	GlobalSection(ExtensibilityGlobals) = postSolution
		SolutionGuid = %s
	EndGlobalSection
EndGlobal
