<?xml version="1.0" encoding="utf-8"?>
<Project ToolsVersion="4.0" xmlns="http://schemas.microsoft.com/developer/msbuild/2003">
  <ItemGroup>
    <ClInclude Include="src\HGE.h" />
    <ClInclude Include="src\hge_var.h" />
    <ClInclude Include="src\hpch.h" />
    <ClInclude Include="src\test\HWindow.h" />
    <ClInclude Include="src\HGE\camera\Camera.h" />
    <ClInclude Include="src\HGE\camera\CameraController.h" />
    <ClInclude Include="src\HGE\core\API.h" />
    <ClInclude Include="src\HGE\core\Program.h" />
    <ClInclude Include="src\HGE\core\Start.h" />
    <ClInclude Include="src\HGE\ECS\ECS.h" />
    <ClInclude Include="src\HGE\ECS\GameObject.h" />
    <ClInclude Include="src\HGE\ECS\Scene.h" />
    <ClInclude Include="src\HGE\ECS\components\Mesh.h" />
    <ClInclude Include="src\HGE\ECS\components\Tag.h" />
    <ClInclude Include="src\HGE\ECS\components\Transform.h" />
    <ClInclude Include="src\HGE\graphics\image\Image.h" />
    <ClInclude Include="src\HGE\graphics\image\Pixel.h" />
    <ClInclude Include="src\HGE\graphics\rendering\Renderer.h" />
    <ClInclude Include="src\HGE\graphics\rendering\Shader.h" />
    <ClInclude Include="src\HGE\io\Cursor.h" />
    <ClInclude Include="src\HGE\io\Input.h" />
    <ClInclude Include="src\HGE\io\Window.h" />
    <ClInclude Include="src\HGE\math\HMath.h" />
    <ClInclude Include="src\HGE\math\matrixes\Mat4.h" />
    <ClInclude Include="src\HGE\math\vectors\Vec2.h" />
    <ClInclude Include="src\HGE\math\vectors\Vec3.h" />
    <ClInclude Include="src\HGE\math\vectors\Vec4.h" />
    <ClInclude Include="src\HGE\util\Debug.h" />
    <ClInclude Include="src\HGE\util\Util.h" />
    <ClInclude Include="src\HGE\util\memory\FloatBuffer.h" />
    <ClInclude Include="src\HGE\util\time\Profiler.h" />
    <ClInclude Include="src\HGE\util\time\Time.h" />
    <ClInclude Include="src\HGE\ECS\components\Texture.h" />
    <ClInclude Include="src\HGE\camera\EditorCamera.h" />
    <ClInclude Include="src\HGE\gui\GuiElement.h" />
    <ClInclude Include="src\HGE\ECS\components\MeshComponent.h" />
    <ClInclude Include="src\HGE\ECS\components\Material.h" />
    <ClInclude Include="src\HGE\util\memory\string.h" />
    <ClInclude Include="src\HGE\util\memory\MemoryUtil.h" />
    <ClInclude Include="src\HGE\ECS\components\NativeScript.h" />
    <ClInclude Include="src\HGE\core\Engine.h" />
    <ClInclude Include="src\HGE\math\Random.h" />
    <ClInclude Include="src\HGE\gui\GuiFrame.h" />
    <ClInclude Include="src\HGE\util\time\Profile.h" />
    <ClInclude Include="src\HGE\graphics\image\stb_image.h" />
    <ClInclude Include="src\HGE\ECS\ScriptManager.h" />
    <ClInclude Include="src\HGE\io\dirent.h" />
  </ItemGroup>
  <ItemGroup>
    <ClCompile Include="src\hpch.cpp" />
    <ClCompile Include="src\test\HWindow.cpp" />
    <ClCompile Include="src\HGE\camera\Camera.cpp" />
    <ClCompile Include="src\HGE\camera\CameraController.cpp" />
    <ClCompile Include="src\HGE\core\Program.cpp" />
    <ClCompile Include="src\HGE\ECS\ECS.cpp" />
    <ClCompile Include="src\HGE\ECS\GameObject.cpp" />
    <ClCompile Include="src\HGE\ECS\Scene.cpp" />
    <ClCompile Include="src\HGE\ECS\components\Mesh.cpp" />
    <ClCompile Include="src\HGE\graphics\image\Image.cpp" />
    <ClCompile Include="src\HGE\graphics\rendering\Renderer.cpp" />
    <ClCompile Include="src\HGE\graphics\rendering\Shader.cpp" />
    <ClCompile Include="src\HGE\io\Cursor.cpp" />
    <ClCompile Include="src\HGE\io\Input.cpp" />
    <ClCompile Include="src\HGE\io\Window.cpp" />
    <ClCompile Include="src\HGE\math\Hmath.cpp" />
    <ClCompile Include="src\HGE\math\matrixes\Mat4.cpp" />
    <ClCompile Include="src\HGE\math\vectors\Vec2.cpp" />
    <ClCompile Include="src\HGE\math\vectors\Vec3.cpp" />
    <ClCompile Include="src\HGE\util\Debug.cpp" />
    <ClCompile Include="src\HGE\util\Util.cpp" />
    <ClCompile Include="src\HGE\util\memory\FloatBuffer.cpp" />
    <ClCompile Include="src\HGE\util\time\Profiler.cpp" />
    <ClCompile Include="src\HGE\util\time\Time.cpp" />
    <ClCompile Include="src\HGE\ECS\components\Texture.cpp" />
    <ClCompile Include="src\HGE\camera\EditorCamera.cpp" />
    <ClCompile Include="src\HGE\ECS\components\MeshComponent.cpp" />
    <ClCompile Include="src\HGE\core\Engine.cpp" />
    <ClCompile Include="src\HGE\math\Random.cpp" />
    <ClCompile Include="src\HGE\gui\GuiElement.cpp" />
    <ClCompile Include="src\HGE\gui\GuiFrame.cpp" />
    <ClCompile Include="src\HGE\util\time\Profile.cpp" />
    <ClCompile Include="src\HGE\graphics\image\stb_image.cpp" />
    <ClCompile Include="src\HGE\ECS\ScriptManager.cpp" />
  </ItemGroup>
  <ItemGroup>
    <None Include="res\shaders\guiFrameFragment.glsl" />
    <None Include="res\shaders\guiFrameVertex.glsl" />
  </ItemGroup>
  <ItemGroup>
    <Text Include="res\profiled methods.txt" />
  </ItemGroup>
</Project>